
Microsoft Visual Studio Solution File, Format Version 12.00
# Visual Studio 15
VisualStudioVersion = 15.0.27703.2018
MinimumVisualStudioVersion = 10.0.40219.1
Project("{9A19103F-16F7-4668-BE54-9A1E7A4F7556}") = "ConsoleApp1", "ConsoleApp1\ConsoleApp1.csproj", "{6596BFAF-1D76-455A-824A-CC6BAD8FB0F9}"
EndProject
Project("{2150E333-8FDC-42A3-9474-1A3956D46DE8}") = "Solution Items", "Solution Items", "{2D420775-16A4-4A89-8D9F-70B8598E696A}"
EndProject
Project("{2150E333-8FDC-42A3-9474-1A3956D46DE8}") = "TestData", "TestData", "{F8E518E7-1764-42B7-A555-FFA559CC52EC}"
	ProjectSection(SolutionItems) = preProject
		TestData\April2017.csv = TestData\April2017.csv
		TestData\Flight Delays Data.csv = TestData\Flight Delays Data.csv
		TestData\March2017.csv = TestData\March2017.csv
		TestData\Sept2017.csv = TestData\Sept2017.csv
	EndProjectSection
EndProject
Global
	GlobalSection(SolutionConfigurationPlatforms) = preSolution
		Debug|Any CPU = Debug|Any CPU
		Release|Any CPU = Release|Any CPU
	EndGlobalSection
	GlobalSection(ProjectConfigurationPlatforms) = postSolution
		{6596BFAF-1D76-455A-824A-CC6BAD8FB0F9}.Debug|Any CPU.ActiveCfg = Debug|Any CPU
		{6596BFAF-1D76-455A-824A-CC6BAD8FB0F9}.Debug|Any CPU.Build.0 = Debug|Any CPU
		{6596BFAF-1D76-455A-824A-CC6BAD8FB0F9}.Release|Any CPU.ActiveCfg = Release|Any CPU
		{6596BFAF-1D76-455A-824A-CC6BAD8FB0F9}.Release|Any CPU.Build.0 = Release|Any CPU
	EndGlobalSection
	GlobalSection(SolutionProperties) = preSolution
		HideSolutionNode = FALSE
	EndGlobalSection
	GlobalSection(ExtensibilityGlobals) = postSolution
		SolutionGuid = {AE4B75E2-EE90-48BF-96AF-B90FE89C43E2}
	EndGlobalSection
EndGlobal
